Microsoft Visual Studio Solution File, Format Version 12.00
# Visual Studio Version 17
VisualStudioVersion = 17.5.2.0
MinimumVisualStudioVersion = 10.0.40219.1
Project("{FAE04EC0-301F-11D3-BF4B-00C04F79EFBC}") = "DO_AN", "DO_AN.csproj", "{ACCEC8C1-0139-A35F-99FC-3A2D9942BA53}"
EndProject
Global
	GlobalSection(SolutionConfigurationPlatforms) = preSolution
		Debug|Any CPU = Debug|Any CPU
		Release|Any CPU = Release|Any CPU
	EndGlobalSection
	GlobalSection(ProjectConfigurationPlatforms) = postSolution
		{ACCEC8C1-0139-A35F-99FC-3A2D9942BA53}.Debug|Any CPU.ActiveCfg = Debug|Any CPU
		{ACCEC8C1-0139-A35F-99FC-3A2D9942BA53}.Debug|Any CPU.Build.0 = Debug|Any CPU
		{ACCEC8C1-0139-A35F-99FC-3A2D9942BA53}.Release|Any CPU.ActiveCfg = Release|Any CPU
		{ACCEC8C1-0139-A35F-99FC-3A2D9942BA53}.Release|Any CPU.Build.0 = Release|Any CPU
	EndGlobalSection
	GlobalSection(SolutionProperties) = preSolution
		HideSolutionNode = FALSE
	EndGlobalSection
	GlobalSection(ExtensibilityGlobals) = postSolution
		SolutionGuid = {C26190B1-D069-4B78-90C5-CE76CD412CBB}
	EndGlobalSection
EndGlobal
